
Microsoft Visual Studio Solution File, Format Version 12.00
# Visual Studio 15
VisualStudioVersion = 15.0.28307.1525
MinimumVisualStudioVersion = 10.0.40219.1
Project("{FAE04EC0-301F-11D3-BF4B-00C04F79EFBC}") = "PRG4_MG5P3_0320200030_B2", "PRG4_MG5P3_0320200030_B2\PRG4_MG5P3_0320200030_B2.csproj", "{AB61FA98-709A-430B-8E8E-AC73F0D8D9D7}"
EndProject
Global
	GlobalSection(SolutionConfigurationPlatforms) = preSolution
		Debug|Any CPU = Debug|Any CPU
		Release|Any CPU = Release|Any CPU
	EndGlobalSection
	GlobalSection(ProjectConfigurationPlatforms) = postSolution
		{AB61FA98-709A-430B-8E8E-AC73F0D8D9D7}.Debug|Any CPU.ActiveCfg = Debug|Any CPU
		{AB61FA98-709A-430B-8E8E-AC73F0D8D9D7}.Debug|Any CPU.Build.0 = Debug|Any CPU
		{AB61FA98-709A-430B-8E8E-AC73F0D8D9D7}.Release|Any CPU.ActiveCfg = Release|Any CPU
		{AB61FA98-709A-430B-8E8E-AC73F0D8D9D7}.Release|Any CPU.Build.0 = Release|Any CPU
	EndGlobalSection
	GlobalSection(SolutionProperties) = preSolution
		HideSolutionNode = FALSE
	EndGlobalSection
	GlobalSection(ExtensibilityGlobals) = postSolution
		SolutionGuid = {CD1EA016-76DE-488A-8E79-229E5901A720}
	EndGlobalSection
EndGlobal
